<?xml version="1.0" encoding="utf-8"?>
<Project ToolsVersion="4.0" xmlns="http://schemas.microsoft.com/developer/msbuild/2003">
  <ItemGroup>
    <Filter Include="Sources">
      <UniqueIdentifier>{8b7ed093-66ce-4096-96d2-fbb9faa4bf52}</UniqueIdentifier>
    </Filter>
    <Filter Include="Sources\Modules">
      <UniqueIdentifier>{7b418be2-1631-4a31-9ef2-8a8b234a7339}</UniqueIdentifier>
    </Filter>
    <Filter Include="Sources\Containers">
      <UniqueIdentifier>{afc36133-f401-499a-aa33-0da1e500fb52}</UniqueIdentifier>
    </Filter>
    <Filter Include="Sources\Tools">
      <UniqueIdentifier>{7e4dfaf7-022c-4f7d-92aa-f3b3fa9d6248}</UniqueIdentifier>
    </Filter>
    <Filter Include="Sources\Helpers">
      <UniqueIdentifier>{121f8e6b-df36-4ab0-be0d-601ddfc9e503}</UniqueIdentifier>
    </Filter>
    <Filter Include="Sources\Tools\ImGui">
      <UniqueIdentifier>{320f44f7-469f-45cd-a508-24d42c98eae6}</UniqueIdentifier>
    </Filter>
    <Filter Include="Sources\Tools\MathGeo">
      <UniqueIdentifier>{e1d56555-cc67-49ea-ab7b-590d4341000b}</UniqueIdentifier>
    </Filter>
    <Filter Include="Sources\Tools\MathGeo\extra">
      <UniqueIdentifier>{8b1af300-6879-40f1-af2f-0679f79167ef}</UniqueIdentifier>
    </Filter>
    <Filter Include="Sources\Tools\parson">
      <UniqueIdentifier>{eaac0f6f-56d2-48b9-9bfb-ce079f10ec18}</UniqueIdentifier>
    </Filter>
    <Filter Include="Sources\Tools\Brofiler">
      <UniqueIdentifier>{9fc971a7-4492-429e-850b-70b42b777420}</UniqueIdentifier>
    </Filter>
    <Filter Include="Sources\GameObjects">
      <UniqueIdentifier>{5a25f6ce-90db-45a3-a844-80e1b0a81bcc}</UniqueIdentifier>
    </Filter>
    <Filter Include="Sources\GameObjects\Components">
      <UniqueIdentifier>{7a0f2009-23ba-4775-b159-9140fbbeef90}</UniqueIdentifier>
    </Filter>
  </ItemGroup>
  <ItemGroup>
    <ClInclude Include="Module.h">
      <Filter>Sources\Modules</Filter>
    </ClInclude>
    <ClInclude Include="ModuleAudio.h">
      <Filter>Sources\Modules</Filter>
    </ClInclude>
    <ClInclude Include="ModuleCamera3D.h">
      <Filter>Sources\Modules</Filter>
    </ClInclude>
    <ClInclude Include="ModuleInput.h">
      <Filter>Sources\Modules</Filter>
    </ClInclude>
    <ClInclude Include="ModuleRenderer3D.h">
      <Filter>Sources\Modules</Filter>
    </ClInclude>
    <ClInclude Include="ModuleWindow.h">
      <Filter>Sources\Modules</Filter>
    </ClInclude>
    <ClInclude Include="glmath.h">
      <Filter>Sources\Containers</Filter>
    </ClInclude>
    <ClInclude Include="Application.h">
      <Filter>Sources</Filter>
    </ClInclude>
    <ClInclude Include="Globals.h">
      <Filter>Sources</Filter>
    </ClInclude>
    <ClInclude Include="Primitive.h">
      <Filter>Sources\Helpers</Filter>
    </ClInclude>
    <ClInclude Include="Color.h">
      <Filter>Sources\Containers</Filter>
    </ClInclude>
    <ClInclude Include="Light.h">
      <Filter>Sources\Helpers</Filter>
    </ClInclude>
    <ClInclude Include="Timer.h">
      <Filter>Sources\Tools</Filter>
    </ClInclude>
    <ClInclude Include="ModulePhysics3D.h">
      <Filter>Sources\Modules</Filter>
    </ClInclude>
    <ClInclude Include="PhysBody3D.h">
      <Filter>Sources\Helpers</Filter>
    </ClInclude>
    <ClInclude Include="MemLeaks.h">
      <Filter>Sources\Helpers</Filter>
    </ClInclude>
    <ClInclude Include="ModuleImGui.h">
      <Filter>Sources\Modules</Filter>
    </ClInclude>
    <ClInclude Include="imgui-1.51\imgui.h">
      <Filter>Sources\Tools\ImGui</Filter>
    </ClInclude>
    <ClInclude Include="imgui-1.51\imgui_impl_sdl_gl3.h">
      <Filter>Sources\Tools\ImGui</Filter>
    </ClInclude>
    <ClInclude Include="imgui-1.51\imgui_internal.h">
      <Filter>Sources\Tools\ImGui</Filter>
    </ClInclude>
    <ClInclude Include="MathGeo\MathBuildConfig.h">
      <Filter>Sources\Tools\MathGeo</Filter>
    </ClInclude>
    <ClInclude Include="MathGeo\MathGeoLib.h">
      <Filter>Sources\Tools\MathGeo</Filter>
    </ClInclude>
    <ClInclude Include="MathGeo\Algorithm\Random\LCG.h">
      <Filter>Sources\Tools\MathGeo\extra</Filter>
    </ClInclude>
    <ClInclude Include="MathGeo\Geometry\AABB.h">
      <Filter>Sources\Tools\MathGeo\extra</Filter>
    </ClInclude>
    <ClInclude Include="MathGeo\Geometry\AABB2D.h">
      <Filter>Sources\Tools\MathGeo\extra</Filter>
    </ClInclude>
    <ClInclude Include="MathGeo\Geometry\Capsule.h">
      <Filter>Sources\Tools\MathGeo\extra</Filter>
    </ClInclude>
    <ClInclude Include="MathGeo\Geometry\Circle.h">
      <Filter>Sources\Tools\MathGeo\extra</Filter>
    </ClInclude>
    <ClInclude Include="MathGeo\Geometry\Frustum.h">
      <Filter>Sources\Tools\MathGeo\extra</Filter>
    </ClInclude>
    <ClInclude Include="MathGeo\Geometry\GeometryAll.h">
      <Filter>Sources\Tools\MathGeo\extra</Filter>
    </ClInclude>
    <ClInclude Include="MathGeo\Geometry\GeomType.h">
      <Filter>Sources\Tools\MathGeo\extra</Filter>
    </ClInclude>
    <ClInclude Include="MathGeo\Geometry\HitInfo.h">
      <Filter>Sources\Tools\MathGeo\extra</Filter>
    </ClInclude>
    <ClInclude Include="MathGeo\Geometry\KDTree.h">
      <Filter>Sources\Tools\MathGeo\extra</Filter>
    </ClInclude>
    <ClInclude Include="MathGeo\Geometry\Line.h">
      <Filter>Sources\Tools\MathGeo\extra</Filter>
    </ClInclude>
    <ClInclude Include="MathGeo\Geometry\LineSegment.h">
      <Filter>Sources\Tools\MathGeo\extra</Filter>
    </ClInclude>
    <ClInclude Include="MathGeo\Geometry\OBB.h">
      <Filter>Sources\Tools\MathGeo\extra</Filter>
    </ClInclude>
    <ClInclude Include="MathGeo\Geometry\PBVolume.h">
      <Filter>Sources\Tools\MathGeo\extra</Filter>
    </ClInclude>
    <ClInclude Include="MathGeo\Geometry\Plane.h">
      <Filter>Sources\Tools\MathGeo\extra</Filter>
    </ClInclude>
    <ClInclude Include="MathGeo\Geometry\Polygon.h">
      <Filter>Sources\Tools\MathGeo\extra</Filter>
    </ClInclude>
    <ClInclude Include="MathGeo\Geometry\Polyhedron.h">
      <Filter>Sources\Tools\MathGeo\extra</Filter>
    </ClInclude>
    <ClInclude Include="MathGeo\Geometry\QuadTree.h">
      <Filter>Sources\Tools\MathGeo\extra</Filter>
    </ClInclude>
    <ClInclude Include="MathGeo\Geometry\Ray.h">
      <Filter>Sources\Tools\MathGeo\extra</Filter>
    </ClInclude>
    <ClInclude Include="MathGeo\Geometry\Sphere.h">
      <Filter>Sources\Tools\MathGeo\extra</Filter>
    </ClInclude>
    <ClInclude Include="MathGeo\Geometry\Triangle.h">
      <Filter>Sources\Tools\MathGeo\extra</Filter>
    </ClInclude>
    <ClInclude Include="MathGeo\Geometry\TriangleMesh.h">
      <Filter>Sources\Tools\MathGeo\extra</Filter>
    </ClInclude>
    <ClInclude Include="MathGeo\Math\assume.h">
      <Filter>Sources\Tools\MathGeo\extra</Filter>
    </ClInclude>
    <ClInclude Include="MathGeo\Math\BitOps.h">
      <Filter>Sources\Tools\MathGeo\extra</Filter>
    </ClInclude>
    <ClInclude Include="MathGeo\Math\Complex.h">
      <Filter>Sources\Tools\MathGeo\extra</Filter>
    </ClInclude>
    <ClInclude Include="MathGeo\Math\CoordinateAxisConvention.h">
      <Filter>Sources\Tools\MathGeo\extra</Filter>
    </ClInclude>
    <ClInclude Include="MathGeo\Math\FixedPoint.h">
      <Filter>Sources\Tools\MathGeo\extra</Filter>
    </ClInclude>
    <ClInclude Include="MathGeo\Math\float2.h">
      <Filter>Sources\Tools\MathGeo\extra</Filter>
    </ClInclude>
    <ClInclude Include="MathGeo\Math\float3.h">
      <Filter>Sources\Tools\MathGeo\extra</Filter>
    </ClInclude>
    <ClInclude Include="MathGeo\Math\float3x3.h">
      <Filter>Sources\Tools\MathGeo\extra</Filter>
    </ClInclude>
    <ClInclude Include="MathGeo\Math\float3x4.h">
      <Filter>Sources\Tools\MathGeo\extra</Filter>
    </ClInclude>
    <ClInclude Include="MathGeo\Math\float4.h">
      <Filter>Sources\Tools\MathGeo\extra</Filter>
    </ClInclude>
    <ClInclude Include="MathGeo\Math\float4_neon.h">
      <Filter>Sources\Tools\MathGeo\extra</Filter>
    </ClInclude>
    <ClInclude Include="MathGeo\Math\float4_sse.h">
      <Filter>Sources\Tools\MathGeo\extra</Filter>
    </ClInclude>
    <ClInclude Include="MathGeo\Math\float4x4.h">
      <Filter>Sources\Tools\MathGeo\extra</Filter>
    </ClInclude>
    <ClInclude Include="MathGeo\Math\float4x4_neon.h">
      <Filter>Sources\Tools\MathGeo\extra</Filter>
    </ClInclude>
    <ClInclude Include="MathGeo\Math\float4x4_sse.h">
      <Filter>Sources\Tools\MathGeo\extra</Filter>
    </ClInclude>
    <ClInclude Include="MathGeo\Math\FloatCmp.h">
      <Filter>Sources\Tools\MathGeo\extra</Filter>
    </ClInclude>
    <ClInclude Include="MathGeo\Math\MathAll.h">
      <Filter>Sources\Tools\MathGeo\extra</Filter>
    </ClInclude>
    <ClInclude Include="MathGeo\Math\MathConstants.h">
      <Filter>Sources\Tools\MathGeo\extra</Filter>
    </ClInclude>
    <ClInclude Include="MathGeo\Math\MathFunc.h">
      <Filter>Sources\Tools\MathGeo\extra</Filter>
    </ClInclude>
    <ClInclude Include="MathGeo\Math\MathLog.h">
      <Filter>Sources\Tools\MathGeo\extra</Filter>
    </ClInclude>
    <ClInclude Include="MathGeo\Math\MathNamespace.h">
      <Filter>Sources\Tools\MathGeo\extra</Filter>
    </ClInclude>
    <ClInclude Include="MathGeo\Math\MathTypes.h">
      <Filter>Sources\Tools\MathGeo\extra</Filter>
    </ClInclude>
    <ClInclude Include="MathGeo\Math\MatrixProxy.h">
      <Filter>Sources\Tools\MathGeo\extra</Filter>
    </ClInclude>
    <ClInclude Include="MathGeo\Math\myassert.h">
      <Filter>Sources\Tools\MathGeo\extra</Filter>
    </ClInclude>
    <ClInclude Include="MathGeo\Math\Polynomial.h">
      <Filter>Sources\Tools\MathGeo\extra</Filter>
    </ClInclude>
    <ClInclude Include="MathGeo\Math\Quat.h">
      <Filter>Sources\Tools\MathGeo\extra</Filter>
    </ClInclude>
    <ClInclude Include="MathGeo\Math\quat_simd.h">
      <Filter>Sources\Tools\MathGeo\extra</Filter>
    </ClInclude>
    <ClInclude Include="MathGeo\Math\Rect.h">
      <Filter>Sources\Tools\MathGeo\extra</Filter>
    </ClInclude>
    <ClInclude Include="MathGeo\Math\Reinterpret.h">
      <Filter>Sources\Tools\MathGeo\extra</Filter>
    </ClInclude>
    <ClInclude Include="MathGeo\Math\sse_mathfun.h">
      <Filter>Sources\Tools\MathGeo\extra</Filter>
    </ClInclude>
    <ClInclude Include="MathGeo\Math\SSEMath.h">
      <Filter>Sources\Tools\MathGeo\extra</Filter>
    </ClInclude>
    <ClInclude Include="MathGeo\Math\TransformOps.h">
      <Filter>Sources\Tools\MathGeo\extra</Filter>
    </ClInclude>
    <ClInclude Include="MathGeo\Time\Clock.h">
      <Filter>Sources\Tools\MathGeo\extra</Filter>
    </ClInclude>
    <ClInclude Include="Math.h">
      <Filter>Sources\Tools</Filter>
    </ClInclude>
    <ClInclude Include="parson\parson.h">
      <Filter>Sources\Tools\parson</Filter>
    </ClInclude>
    <ClInclude Include="Brofiler-1.1.2\Brofiler.h">
      <Filter>Sources\Tools\Brofiler</Filter>
    </ClInclude>
    <ClInclude Include="ModuleSceneEditor.h">
      <Filter>Sources\Modules</Filter>
    </ClInclude>
    <ClInclude Include="ModuleTextures.h">
      <Filter>Sources\Modules</Filter>
    </ClInclude>
    <ClInclude Include="Component.h">
      <Filter>Sources\GameObjects</Filter>
    </ClInclude>
    <ClInclude Include="GameObject.h">
      <Filter>Sources\GameObjects</Filter>
    </ClInclude>
    <ClInclude Include="ComponentTransform.h">
      <Filter>Sources\GameObjects\Components</Filter>
    </ClInclude>
    <ClInclude Include="ComponentMesh.h">
      <Filter>Sources\GameObjects\Components</Filter>
    </ClInclude>
    <ClInclude Include="ComponentMaterial.h">
      <Filter>Sources\GameObjects\Components</Filter>
    </ClInclude>
    <ClInclude Include="ModuleImporter.h">
      <Filter>Sources\Modules</Filter>
    </ClInclude>
    <ClInclude Include="ModuleHardware.h">
      <Filter>Sources\Modules</Filter>
    </ClInclude>
    <ClInclude Include="ComponentCamera.h">
      <Filter>Sources\GameObjects\Components</Filter>
    </ClInclude>
    <ClInclude Include="Quadtree.h">
      <Filter>Sources\Containers</Filter>
    </ClInclude>
  </ItemGroup>
  <ItemGroup>
    <ClCompile Include="ModuleAudio.cpp">
      <Filter>Sources\Modules</Filter>
    </ClCompile>
    <ClCompile Include="ModuleCamera3D.cpp">
      <Filter>Sources\Modules</Filter>
    </ClCompile>
    <ClCompile Include="ModuleInput.cpp">
      <Filter>Sources\Modules</Filter>
    </ClCompile>
    <ClCompile Include="ModuleRenderer3D.cpp">
      <Filter>Sources\Modules</Filter>
    </ClCompile>
    <ClCompile Include="ModuleWindow.cpp">
      <Filter>Sources\Modules</Filter>
    </ClCompile>
    <ClCompile Include="Timer.cpp">
      <Filter>Sources\Tools</Filter>
    </ClCompile>
    <ClCompile Include="Application.cpp">
      <Filter>Sources</Filter>
    </ClCompile>
    <ClCompile Include="Main.cpp">
      <Filter>Sources</Filter>
    </ClCompile>
    <ClCompile Include="glmath.cpp">
      <Filter>Sources\Containers</Filter>
    </ClCompile>
    <ClCompile Include="Primitive.cpp">
      <Filter>Sources\Helpers</Filter>
    </ClCompile>
    <ClCompile Include="Color.cpp">
      <Filter>Sources\Containers</Filter>
    </ClCompile>
    <ClCompile Include="Light.cpp">
      <Filter>Sources\Helpers</Filter>
    </ClCompile>
    <ClCompile Include="ModulePhysics3D.cpp">
      <Filter>Sources\Modules</Filter>
    </ClCompile>
    <ClCompile Include="PhysBody3D.cpp">
      <Filter>Sources\Helpers</Filter>
    </ClCompile>
    <ClCompile Include="ModuleImGui.cpp">
      <Filter>Sources\Modules</Filter>
    </ClCompile>
    <ClCompile Include="imgui-1.51\imgui.cpp">
      <Filter>Sources\Tools\ImGui</Filter>
    </ClCompile>
    <ClCompile Include="imgui-1.51\imgui_demo.cpp">
      <Filter>Sources\Tools\ImGui</Filter>
    </ClCompile>
    <ClCompile Include="imgui-1.51\imgui_draw.cpp">
      <Filter>Sources\Tools\ImGui</Filter>
    </ClCompile>
    <ClCompile Include="imgui-1.51\imgui_impl_sdl_gl3.cpp">
      <Filter>Sources\Tools\ImGui</Filter>
    </ClCompile>
    <ClCompile Include="MathGeo\Algorithm\Random\LCG.cpp">
      <Filter>Sources\Tools\MathGeo\extra</Filter>
    </ClCompile>
    <ClCompile Include="MathGeo\Geometry\AABB.cpp">
      <Filter>Sources\Tools\MathGeo\extra</Filter>
    </ClCompile>
    <ClCompile Include="MathGeo\Geometry\Capsule.cpp">
      <Filter>Sources\Tools\MathGeo\extra</Filter>
    </ClCompile>
    <ClCompile Include="MathGeo\Geometry\Circle.cpp">
      <Filter>Sources\Tools\MathGeo\extra</Filter>
    </ClCompile>
    <ClCompile Include="MathGeo\Geometry\Frustum.cpp">
      <Filter>Sources\Tools\MathGeo\extra</Filter>
    </ClCompile>
    <ClCompile Include="MathGeo\Geometry\Line.cpp">
      <Filter>Sources\Tools\MathGeo\extra</Filter>
    </ClCompile>
    <ClCompile Include="MathGeo\Geometry\LineSegment.cpp">
      <Filter>Sources\Tools\MathGeo\extra</Filter>
    </ClCompile>
    <ClCompile Include="MathGeo\Geometry\OBB.cpp">
      <Filter>Sources\Tools\MathGeo\extra</Filter>
    </ClCompile>
    <ClCompile Include="MathGeo\Geometry\Plane.cpp">
      <Filter>Sources\Tools\MathGeo\extra</Filter>
    </ClCompile>
    <ClCompile Include="MathGeo\Geometry\Polygon.cpp">
      <Filter>Sources\Tools\MathGeo\extra</Filter>
    </ClCompile>
    <ClCompile Include="MathGeo\Geometry\Polyhedron.cpp">
      <Filter>Sources\Tools\MathGeo\extra</Filter>
    </ClCompile>
    <ClCompile Include="MathGeo\Geometry\Ray.cpp">
      <Filter>Sources\Tools\MathGeo\extra</Filter>
    </ClCompile>
    <ClCompile Include="MathGeo\Geometry\Sphere.cpp">
      <Filter>Sources\Tools\MathGeo\extra</Filter>
    </ClCompile>
    <ClCompile Include="MathGeo\Geometry\Triangle.cpp">
      <Filter>Sources\Tools\MathGeo\extra</Filter>
    </ClCompile>
    <ClCompile Include="MathGeo\Geometry\TriangleMesh.cpp">
      <Filter>Sources\Tools\MathGeo\extra</Filter>
    </ClCompile>
    <ClCompile Include="MathGeo\Math\BitOps.cpp">
      <Filter>Sources\Tools\MathGeo\extra</Filter>
    </ClCompile>
    <ClCompile Include="MathGeo\Math\float2.cpp">
      <Filter>Sources\Tools\MathGeo\extra</Filter>
    </ClCompile>
    <ClCompile Include="MathGeo\Math\float3.cpp">
      <Filter>Sources\Tools\MathGeo\extra</Filter>
    </ClCompile>
    <ClCompile Include="MathGeo\Math\float3x3.cpp">
      <Filter>Sources\Tools\MathGeo\extra</Filter>
    </ClCompile>
    <ClCompile Include="MathGeo\Math\float3x4.cpp">
      <Filter>Sources\Tools\MathGeo\extra</Filter>
    </ClCompile>
    <ClCompile Include="MathGeo\Math\float4.cpp">
      <Filter>Sources\Tools\MathGeo\extra</Filter>
    </ClCompile>
    <ClCompile Include="MathGeo\Math\float4x4.cpp">
      <Filter>Sources\Tools\MathGeo\extra</Filter>
    </ClCompile>
    <ClCompile Include="MathGeo\Math\MathFunc.cpp">
      <Filter>Sources\Tools\MathGeo\extra</Filter>
    </ClCompile>
    <ClCompile Include="MathGeo\Math\MathLog.cpp">
      <Filter>Sources\Tools\MathGeo\extra</Filter>
    </ClCompile>
    <ClCompile Include="MathGeo\Math\MathOps.cpp">
      <Filter>Sources\Tools\MathGeo\extra</Filter>
    </ClCompile>
    <ClCompile Include="MathGeo\Math\Polynomial.cpp">
      <Filter>Sources\Tools\MathGeo\extra</Filter>
    </ClCompile>
    <ClCompile Include="MathGeo\Math\Quat.cpp">
      <Filter>Sources\Tools\MathGeo\extra</Filter>
    </ClCompile>
    <ClCompile Include="MathGeo\Math\SSEMath.cpp">
      <Filter>Sources\Tools\MathGeo\extra</Filter>
    </ClCompile>
    <ClCompile Include="MathGeo\Math\TransformOps.cpp">
      <Filter>Sources\Tools\MathGeo\extra</Filter>
    </ClCompile>
    <ClCompile Include="MathGeo\Time\Clock.cpp">
      <Filter>Sources\Tools\MathGeo\extra</Filter>
    </ClCompile>
    <ClCompile Include="parson\parson.c">
      <Filter>Sources\Tools\parson</Filter>
    </ClCompile>
    <ClCompile Include="ModuleSceneEditor.cpp">
      <Filter>Sources\Modules</Filter>
    </ClCompile>
    <ClCompile Include="Globals.cpp">
      <Filter>Sources</Filter>
    </ClCompile>
    <ClCompile Include="ModuleTextures.cpp">
      <Filter>Sources\Modules</Filter>
    </ClCompile>
    <ClCompile Include="GameObject.cpp">
      <Filter>Sources\GameObjects</Filter>
    </ClCompile>
    <ClCompile Include="ModuleImporter.cpp">
      <Filter>Sources\Modules</Filter>
    </ClCompile>
    <ClCompile Include="ModuleHardware.cpp">
      <Filter>Sources\Modules</Filter>
    </ClCompile>
    <ClCompile Include="ComponentCamera.cpp">
      <Filter>Sources\GameObjects\Components</Filter>
    </ClCompile>
    <ClCompile Include="ComponentMesh.cpp">
      <Filter>Sources\GameObjects\Components</Filter>
    </ClCompile>
    <ClCompile Include="ComponentTransform.cpp">
      <Filter>Sources\GameObjects\Components</Filter>
    </ClCompile>
    <ClCompile Include="ComponentMaterial.cpp">
      <Filter>Sources\GameObjects\Components</Filter>
    </ClCompile>
    <ClCompile Include="Component.cpp">
      <Filter>Sources\GameObjects</Filter>
    </ClCompile>
    <ClCompile Include="Quadtree.cpp">
      <Filter>Sources\Containers</Filter>
    </ClCompile>
  </ItemGroup>
  <ItemGroup>
    <None Include="MathGeo\Geometry\KDTree.inl">
      <Filter>Sources\Tools\MathGeo\extra</Filter>
    </None>
    <None Include="MathGeo\Geometry\QuadTree.inl">
      <Filter>Sources\Tools\MathGeo\extra</Filter>
    </None>
    <None Include="MathGeo\Geometry\TriangleMesh_IntersectRay_AVX.inl">
      <Filter>Sources\Tools\MathGeo\extra</Filter>
    </None>
    <None Include="MathGeo\Geometry\TriangleMesh_IntersectRay_CPP.inl">
      <Filter>Sources\Tools\MathGeo\extra</Filter>
    </None>
    <None Include="MathGeo\Geometry\TriangleMesh_IntersectRay_SSE.inl">
      <Filter>Sources\Tools\MathGeo\extra</Filter>
    </None>
    <None Include="MathGeo\Math\Matrix.inl">
      <Filter>Sources\Tools\MathGeo\extra</Filter>
    </None>
  </ItemGroup>
</Project>